# THIS IS AN AUTOGENERATED FILE. DO NOT EDIT THIS FILE DIRECTLY.
# yarn lockfile v1


"@fusionary/prettier-config@^1.0.0-rc.0":
  version "1.0.0-rc.0"
  resolved "https://registry.yarnpkg.com/@fusionary/prettier-config/-/prettier-config-1.0.0-rc.0.tgz#4fdcbaef5a3280805f5f7b2326efaee9b0a0170d"
  integrity sha512-TmeB+cJRgVDjzjrauGSnZCeTtePMy3e6ROWHvFyTfUiwICLo9cqIKuG76xypYcImoTuQut690AtA1nYbSYX/iw==
